Microsoft Visual Studio Solution File, Format Version 12.00
# Visual Studio 15
VisualStudioVersion = 15.0.26228.4
MinimumVisualStudioVersion = 15.0.26124.0
Project("{9A19103F-16F7-4668-BE54-9A1E7A4F7556}") = "dotnet-version", "src\dotnet-version.csproj", "{F030BEE0-CA2F-43E2-A099-0EA07FD45393}"
EndProject
Project("{9A19103F-16F7-4668-BE54-9A1E7A4F7556}") = "dotnet-version-test", "test\dotnet-version-test.csproj", "{93AA179C-46C2-402A-BA58-7168F7F81FE2}"
EndProject
Global
	GlobalSection(SolutionConfigurationPlatforms) = preSolution
		Debug|Any CPU = Debug|Any CPU
		Debug|x64 = Debug|x64
		Debug|x86 = Debug|x86
		Release|Any CPU = Release|Any CPU
		Release|x64 = Release|x64
		Release|x86 = Release|x86
	EndGlobalSection
	GlobalSection(ProjectConfigurationPlatforms) = postSolution
		{F030BEE0-CA2F-43E2-A099-0EA07FD45393}.Debug|Any CPU.ActiveCfg = Debug|Any CPU
		{F030BEE0-CA2F-43E2-A099-0EA07FD45393}.Debug|Any CPU.Build.0 = Debug|Any CPU
		{F030BEE0-CA2F-43E2-A099-0EA07FD45393}.Debug|x64.ActiveCfg = Debug|Any CPU
		{F030BEE0-CA2F-43E2-A099-0EA07FD45393}.Debug|x64.Build.0 = Debug|Any CPU
		{F030BEE0-CA2F-43E2-A099-0EA07FD45393}.Debug|x86.ActiveCfg = Debug|Any CPU
		{F030BEE0-CA2F-43E2-A099-0EA07FD45393}.Debug|x86.Build.0 = Debug|Any CPU
		{F030BEE0-CA2F-43E2-A099-0EA07FD45393}.Release|Any CPU.ActiveCfg = Release|Any CPU
		{F030BEE0-CA2F-43E2-A099-0EA07FD45393}.Release|Any CPU.Build.0 = Release|Any CPU
		{F030BEE0-CA2F-43E2-A099-0EA07FD45393}.Release|x64.ActiveCfg = Release|Any CPU
		{F030BEE0-CA2F-43E2-A099-0EA07FD45393}.Release|x64.Build.0 = Release|Any CPU
		{F030BEE0-CA2F-43E2-A099-0EA07FD45393}.Release|x86.ActiveCfg = Release|Any CPU
		{F030BEE0-CA2F-43E2-A099-0EA07FD45393}.Release|x86.Build.0 = Release|Any CPU
		{93AA179C-46C2-402A-BA58-7168F7F81FE2}.Debug|Any CPU.ActiveCfg = Debug|Any CPU
		{93AA179C-46C2-402A-BA58-7168F7F81FE2}.Debug|Any CPU.Build.0 = Debug|Any CPU
		{93AA179C-46C2-402A-BA58-7168F7F81FE2}.Debug|x64.ActiveCfg = Debug|Any CPU
		{93AA179C-46C2-402A-BA58-7168F7F81FE2}.Debug|x64.Build.0 = Debug|Any CPU
		{93AA179C-46C2-402A-BA58-7168F7F81FE2}.Debug|x86.ActiveCfg = Debug|Any CPU
		{93AA179C-46C2-402A-BA58-7168F7F81FE2}.Debug|x86.Build.0 = Debug|Any CPU
		{93AA179C-46C2-402A-BA58-7168F7F81FE2}.Release|Any CPU.ActiveCfg = Release|Any CPU
		{93AA179C-46C2-402A-BA58-7168F7F81FE2}.Release|Any CPU.Build.0 = Release|Any CPU
		{93AA179C-46C2-402A-BA58-7168F7F81FE2}.Release|x64.ActiveCfg = Release|Any CPU
		{93AA179C-46C2-402A-BA58-7168F7F81FE2}.Release|x64.Build.0 = Release|Any CPU
		{93AA179C-46C2-402A-BA58-7168F7F81FE2}.Release|x86.ActiveCfg = Release|Any CPU
		{93AA179C-46C2-402A-BA58-7168F7F81FE2}.Release|x86.Build.0 = Release|Any CPU
	EndGlobalSection
	GlobalSection(SolutionProperties) = preSolution
		HideSolutionNode = FALSE
	EndGlobalSection
EndGlobal
